# This file is automatically @generated by Cargo.
# It is not intended for manual editing.
version = 3

[[package]]
name = "anyhow"
version = "1.0.1"
source = "registry+https://github.com/rust-lang/crates.io-index"
checksum = "e731d5447b9485b350877a6799650655463855e8ac944e445abb1f89e778c2a2"

[[package]]
name = "renovate-handson"
version = "0.1.0"
dependencies = [
 "anyhow",
]
